# This file is automatically @generated by Cargo.
# It is not intended for manual editing.
[[package]]
name = "aho-corasick"
version = "0.6.4"
source = "registry+https://github.com/rust-lang/crates.io-index"
dependencies = [
 "memchr 2.0.1 (registry+https://github.com/rust-lang/crates.io-index)",
]

[[package]]
name = "autocfg"
version = "0.1.2"
source = "registry+https://github.com/susy-rust/susy.tech-index"

[[package]]
name = "backtrace"
version = "0.3.5"
source = "registry+https://github.com/rust-lang/crates.io-index"
dependencies = [
 "backtrace-sys 0.1.16 (registry+https://github.com/rust-lang/crates.io-index)",
 "cfg-if 0.1.2 (registry+https://github.com/rust-lang/crates.io-index)",
 "libc 0.2.40 (registry+https://github.com/rust-lang/crates.io-index)",
 "rustc-demangle 0.1.7 (registry+https://github.com/rust-lang/crates.io-index)",
 "winapi 0.3.4 (registry+https://github.com/rust-lang/crates.io-index)",
]

[[package]]
name = "backtrace"
version = "0.3.20"
source = "registry+https://github.com/susy-rust/susy.tech-index"
dependencies = [
 "autocfg 0.1.2 (registry+https://github.com/susy-rust/susy.tech-index)",
 "backtrace-sys 0.1.28 (registry+https://github.com/susy-rust/susy.tech-index)",
 "cfg-if 0.1.9 (registry+https://github.com/susy-rust/susy.tech-index)",
 "libc 0.2.55 (registry+https://github.com/susy-rust/susy.tech-index)",
 "rustc-demangle 0.1.14 (registry+https://github.com/susy-rust/susy.tech-index)",
]

[[package]]
name = "backtrace-sys"
version = "0.1.16"
source = "registry+https://github.com/rust-lang/crates.io-index"
dependencies = [
 "cc 1.0.9 (registry+https://github.com/rust-lang/crates.io-index)",
 "libc 0.2.40 (registry+https://github.com/rust-lang/crates.io-index)",
]

[[package]]
name = "backtrace-sys"
version = "0.1.28"
source = "registry+https://github.com/susy-rust/susy.tech-index"
dependencies = [
 "cc 1.0.37 (registry+https://github.com/susy-rust/susy.tech-index)",
 "libc 0.2.55 (registry+https://github.com/susy-rust/susy.tech-index)",
]

[[package]]
name = "byteorder"
version = "1.3.1"
source = "registry+https://github.com/susy-rust/susy.tech-index"

[[package]]
name = "cc"
version = "1.0.9"
source = "registry+https://github.com/rust-lang/crates.io-index"

[[package]]
name = "cc"
version = "1.0.37"
source = "registry+https://github.com/susy-rust/susy.tech-index"

[[package]]
name = "cfg-if"
version = "0.1.2"
source = "registry+https://github.com/rust-lang/crates.io-index"

[[package]]
name = "cfg-if"
version = "0.1.9"
source = "registry+https://github.com/susy-rust/susy.tech-index"

[[package]]
name = "crunchy"
version = "0.1.6"
source = "registry+https://github.com/susy-rust/susy.tech-index"

[[package]]
name = "docopt"
version = "0.8.3"
source = "registry+https://github.com/rust-lang/crates.io-index"
dependencies = [
 "lazy_static 1.0.0 (registry+https://github.com/rust-lang/crates.io-index)",
 "regex 0.2.10 (registry+https://github.com/rust-lang/crates.io-index)",
 "serde 1.0.78 (registry+https://github.com/rust-lang/crates.io-index)",
 "serde_derive 1.0.78 (registry+https://github.com/rust-lang/crates.io-index)",
 "strsim 0.6.0 (registry+https://github.com/rust-lang/crates.io-index)",
]

[[package]]
name = "error-chain"
version = "0.12.0"
source = "registry+https://github.com/rust-lang/crates.io-index"
dependencies = [
 "backtrace 0.3.5 (registry+https://github.com/rust-lang/crates.io-index)",
]

[[package]]
name = "error-chain"
version = "0.12.1"
source = "registry+https://github.com/susy-rust/susy.tech-index"
dependencies = [
 "backtrace 0.3.20 (registry+https://github.com/susy-rust/susy.tech-index)",
 "version_check 0.1.5 (registry+https://github.com/susy-rust/susy.tech-index)",
]

[[package]]
name = "fixed-hash"
version = "0.2.5"
source = "registry+https://github.com/susy-rust/susy.tech-index"
dependencies = [
 "heapsize 0.4.2 (registry+https://github.com/susy-rust/susy.tech-index)",
 "rand 0.4.6 (registry+https://github.com/susy-rust/susy.tech-index)",
 "rustc-hex 2.0.1 (registry+https://github.com/susy-rust/susy.tech-index)",
]

[[package]]
name = "fuchsia-cprng"
version = "0.1.1"
source = "registry+https://github.com/susy-rust/susy.tech-index"

[[package]]
name = "heapsize"
version = "0.4.2"
source = "registry+https://github.com/susy-rust/susy.tech-index"
dependencies = [
 "winapi 0.3.7 (registry+https://github.com/susy-rust/susy.tech-index)",
]

[[package]]
name = "heck"
version = "0.3.0"
source = "registry+https://github.com/susy-rust/susy.tech-index"
dependencies = [
 "unicode-segmentation 1.3.0 (registry+https://github.com/susy-rust/susy.tech-index)",
]

[[package]]
name = "hex-literal"
version = "0.1.1"
source = "registry+https://github.com/rust-lang/crates.io-index"
dependencies = [
 "hex-literal-impl 0.1.1 (registry+https://github.com/rust-lang/crates.io-index)",
 "proc-macro-hack 0.4.0 (registry+https://github.com/rust-lang/crates.io-index)",
]

[[package]]
name = "hex-literal-impl"
version = "0.1.1"
source = "registry+https://github.com/rust-lang/crates.io-index"
dependencies = [
 "proc-macro-hack 0.4.0 (registry+https://github.com/rust-lang/crates.io-index)",
]

[[package]]
name = "itoa"
version = "0.4.4"
source = "registry+https://github.com/susy-rust/susy.tech-index"

[[package]]
name = "lazy_static"
version = "1.0.0"
source = "registry+https://github.com/rust-lang/crates.io-index"

[[package]]
name = "libc"
version = "0.2.40"
source = "registry+https://github.com/rust-lang/crates.io-index"

[[package]]
name = "libc"
version = "0.2.55"
source = "registry+https://github.com/susy-rust/susy.tech-index"

[[package]]
name = "memchr"
version = "2.0.1"
source = "registry+https://github.com/rust-lang/crates.io-index"
dependencies = [
 "libc 0.2.40 (registry+https://github.com/rust-lang/crates.io-index)",
]

[[package]]
name = "proc-macro-hack"
version = "0.4.0"
source = "registry+https://github.com/rust-lang/crates.io-index"
dependencies = [
 "proc-macro-hack-impl 0.4.0 (registry+https://github.com/rust-lang/crates.io-index)",
]

[[package]]
name = "proc-macro-hack-impl"
version = "0.4.0"
source = "registry+https://github.com/rust-lang/crates.io-index"

[[package]]
name = "proc-macro2"
version = "0.4.19"
source = "registry+https://github.com/rust-lang/crates.io-index"
dependencies = [
 "unicode-xid 0.1.0 (registry+https://github.com/rust-lang/crates.io-index)",
]

[[package]]
name = "proc-macro2"
version = "0.4.30"
source = "registry+https://github.com/susy-rust/susy.tech-index"
dependencies = [
 "unicode-xid 0.1.0 (registry+https://github.com/susy-rust/susy.tech-index)",
]

[[package]]
name = "quote"
version = "0.6.8"
source = "registry+https://github.com/rust-lang/crates.io-index"
dependencies = [
 "proc-macro2 0.4.19 (registry+https://github.com/rust-lang/crates.io-index)",
]

[[package]]
name = "quote"
version = "0.6.12"
source = "registry+https://github.com/susy-rust/susy.tech-index"
dependencies = [
 "proc-macro2 0.4.30 (registry+https://github.com/susy-rust/susy.tech-index)",
]

[[package]]
name = "rand"
version = "0.4.6"
source = "registry+https://github.com/susy-rust/susy.tech-index"
dependencies = [
 "fuchsia-cprng 0.1.1 (registry+https://github.com/susy-rust/susy.tech-index)",
 "libc 0.2.55 (registry+https://github.com/susy-rust/susy.tech-index)",
 "rand_core 0.3.1 (registry+https://github.com/susy-rust/susy.tech-index)",
 "rdrand 0.4.0 (registry+https://github.com/susy-rust/susy.tech-index)",
 "winapi 0.3.7 (registry+https://github.com/susy-rust/susy.tech-index)",
]

[[package]]
name = "rand_core"
version = "0.3.1"
source = "registry+https://github.com/susy-rust/susy.tech-index"
dependencies = [
 "rand_core 0.4.0 (registry+https://github.com/susy-rust/susy.tech-index)",
]

[[package]]
name = "rand_core"
version = "0.4.0"
source = "registry+https://github.com/susy-rust/susy.tech-index"

[[package]]
name = "rdrand"
version = "0.4.0"
source = "registry+https://github.com/susy-rust/susy.tech-index"
dependencies = [
 "rand_core 0.3.1 (registry+https://github.com/susy-rust/susy.tech-index)",
]

[[package]]
name = "regex"
version = "0.2.10"
source = "registry+https://github.com/rust-lang/crates.io-index"
dependencies = [
 "aho-corasick 0.6.4 (registry+https://github.com/rust-lang/crates.io-index)",
 "memchr 2.0.1 (registry+https://github.com/rust-lang/crates.io-index)",
 "regex-syntax 0.5.3 (registry+https://github.com/rust-lang/crates.io-index)",
 "thread_local 0.3.5 (registry+https://github.com/rust-lang/crates.io-index)",
 "utf8-ranges 1.0.0 (registry+https://github.com/rust-lang/crates.io-index)",
]

[[package]]
name = "regex-syntax"
version = "0.5.3"
source = "registry+https://github.com/rust-lang/crates.io-index"
dependencies = [
 "ucd-util 0.1.1 (registry+https://github.com/rust-lang/crates.io-index)",
]

[[package]]
name = "rustc-demangle"
version = "0.1.7"
source = "registry+https://github.com/rust-lang/crates.io-index"

[[package]]
name = "rustc-demangle"
version = "0.1.14"
source = "registry+https://github.com/susy-rust/susy.tech-index"

[[package]]
name = "rustc-hex"
version = "1.0.0"
source = "registry+https://github.com/rust-lang/crates.io-index"

[[package]]
name = "rustc-hex"
version = "2.0.1"
source = "registry+https://github.com/rust-lang/crates.io-index"

[[package]]
name = "rustc-hex"
version = "2.0.1"
source = "registry+https://github.com/susy-rust/susy.tech-index"

[[package]]
name = "ryu"
version = "0.2.8"
source = "registry+https://github.com/susy-rust/susy.tech-index"

[[package]]
name = "serde"
version = "1.0.78"
source = "registry+https://github.com/rust-lang/crates.io-index"

[[package]]
name = "serde"
version = "1.0.91"
source = "registry+https://github.com/susy-rust/susy.tech-index"

[[package]]
name = "serde_derive"
version = "1.0.78"
source = "registry+https://github.com/rust-lang/crates.io-index"
dependencies = [
 "proc-macro2 0.4.19 (registry+https://github.com/rust-lang/crates.io-index)",
 "quote 0.6.8 (registry+https://github.com/rust-lang/crates.io-index)",
 "syn 0.15.4 (registry+https://github.com/rust-lang/crates.io-index)",
]

[[package]]
name = "serde_derive"
version = "1.0.91"
source = "registry+https://github.com/susy-rust/susy.tech-index"
dependencies = [
 "proc-macro2 0.4.30 (registry+https://github.com/susy-rust/susy.tech-index)",
 "quote 0.6.12 (registry+https://github.com/susy-rust/susy.tech-index)",
 "syn 0.15.34 (registry+https://github.com/susy-rust/susy.tech-index)",
]

[[package]]
name = "serde_json"
version = "1.0.39"
source = "registry+https://github.com/susy-rust/susy.tech-index"
dependencies = [
 "itoa 0.4.4 (registry+https://github.com/susy-rust/susy.tech-index)",
 "ryu 0.2.8 (registry+https://github.com/susy-rust/susy.tech-index)",
 "serde 1.0.91 (registry+https://github.com/susy-rust/susy.tech-index)",
]

[[package]]
name = "sofabi"
version = "6.1.0"
dependencies = [
 "error-chain 0.12.1 (registry+https://github.com/susy-rust/susy.tech-index)",
 "hex-literal 0.1.1 (registry+https://github.com/rust-lang/crates.io-index)",
 "rustc-hex 2.0.1 (registry+https://github.com/susy-rust/susy.tech-index)",
 "serde 1.0.91 (registry+https://github.com/susy-rust/susy.tech-index)",
 "serde_derive 1.0.91 (registry+https://github.com/susy-rust/susy.tech-index)",
 "serde_json 1.0.39 (registry+https://github.com/susy-rust/susy.tech-index)",
 "sophon-types 0.4.2 (registry+https://github.com/susy-rust/susy.tech-index)",
 "tiny-keccak 1.4.2 (registry+https://github.com/susy-rust/susy.tech-index)",
]

[[package]]
name = "sofabi"
version = "6.1.0"
source = "registry+https://github.com/susy-rust/susy.tech-index"
dependencies = [
 "error-chain 0.12.1 (registry+https://github.com/susy-rust/susy.tech-index)",
 "rustc-hex 2.0.1 (registry+https://github.com/susy-rust/susy.tech-index)",
 "serde 1.0.91 (registry+https://github.com/susy-rust/susy.tech-index)",
 "serde_derive 1.0.91 (registry+https://github.com/susy-rust/susy.tech-index)",
 "serde_json 1.0.39 (registry+https://github.com/susy-rust/susy.tech-index)",
 "sophon-types 0.4.2 (registry+https://github.com/susy-rust/susy.tech-index)",
 "tiny-keccak 1.4.2 (registry+https://github.com/susy-rust/susy.tech-index)",
]

[[package]]
name = "sofabi-cli"
version = "6.0.0"
dependencies = [
 "docopt 0.8.3 (registry+https://github.com/rust-lang/crates.io-index)",
 "error-chain 0.12.0 (registry+https://github.com/rust-lang/crates.io-index)",
 "rustc-hex 1.0.0 (registry+https://github.com/rust-lang/crates.io-index)",
 "serde 1.0.78 (registry+https://github.com/rust-lang/crates.io-index)",
 "serde_derive 1.0.78 (registry+https://github.com/rust-lang/crates.io-index)",
 "sofabi 6.1.0",
]

[[package]]
name = "sofabi-contract"
version = "6.0.0"

[[package]]
name = "sofabi-derive"
version = "6.0.2"
dependencies = [
 "heck 0.3.0 (registry+https://github.com/susy-rust/susy.tech-index)",
 "proc-macro2 0.4.30 (registry+https://github.com/susy-rust/susy.tech-index)",
 "quote 0.6.12 (registry+https://github.com/susy-rust/susy.tech-index)",
 "sofabi 6.1.0 (registry+https://github.com/susy-rust/susy.tech-index)",
 "syn 0.15.34 (registry+https://github.com/susy-rust/susy.tech-index)",
]

[[package]]
name = "sofabi-tests"
version = "0.1.0"
dependencies = [
 "hex-literal 0.1.1 (registry+https://github.com/rust-lang/crates.io-index)",
 "rustc-hex 2.0.1 (registry+https://github.com/rust-lang/crates.io-index)",
 "sofabi 6.1.0",
 "sofabi-contract 6.0.0",
 "sofabi-derive 6.0.2",
]

[[package]]
name = "sofbloom"
version = "0.5.3"
source = "registry+https://github.com/susy-rust/susy.tech-index"
dependencies = [
 "crunchy 0.1.6 (registry+https://github.com/susy-rust/susy.tech-index)",
 "fixed-hash 0.2.5 (registry+https://github.com/susy-rust/susy.tech-index)",
 "serde 1.0.91 (registry+https://github.com/susy-rust/susy.tech-index)",
 "sophon-types-serialize 0.2.2 (registry+https://github.com/susy-rust/susy.tech-index)",
 "tiny-keccak 1.4.2 (registry+https://github.com/susy-rust/susy.tech-index)",
]

[[package]]
name = "sophon-types"
version = "0.4.2"
source = "registry+https://github.com/susy-rust/susy.tech-index"
dependencies = [
 "crunchy 0.1.6 (registry+https://github.com/susy-rust/susy.tech-index)",
 "fixed-hash 0.2.5 (registry+https://github.com/susy-rust/susy.tech-index)",
 "serde 1.0.91 (registry+https://github.com/susy-rust/susy.tech-index)",
 "sofbloom 0.5.3 (registry+https://github.com/susy-rust/susy.tech-index)",
 "sophon-types-serialize 0.2.2 (registry+https://github.com/susy-rust/susy.tech-index)",
 "uint 0.4.1 (registry+https://github.com/susy-rust/susy.tech-index)",
]

[[package]]
name = "sophon-types-serialize"
version = "0.2.2"
source = "registry+https://github.com/susy-rust/susy.tech-index"
dependencies = [
 "serde 1.0.91 (registry+https://github.com/susy-rust/susy.tech-index)",
]

[[package]]
name = "strsim"
version = "0.6.0"
source = "registry+https://github.com/rust-lang/crates.io-index"

[[package]]
name = "syn"
version = "0.15.4"
source = "registry+https://github.com/rust-lang/crates.io-index"
dependencies = [
 "proc-macro2 0.4.19 (registry+https://github.com/rust-lang/crates.io-index)",
 "quote 0.6.8 (registry+https://github.com/rust-lang/crates.io-index)",
 "unicode-xid 0.1.0 (registry+https://github.com/rust-lang/crates.io-index)",
]

[[package]]
name = "syn"
version = "0.15.34"
source = "registry+https://github.com/susy-rust/susy.tech-index"
dependencies = [
 "proc-macro2 0.4.30 (registry+https://github.com/susy-rust/susy.tech-index)",
 "quote 0.6.12 (registry+https://github.com/susy-rust/susy.tech-index)",
 "unicode-xid 0.1.0 (registry+https://github.com/susy-rust/susy.tech-index)",
]

[[package]]
name = "thread_local"
version = "0.3.5"
source = "registry+https://github.com/rust-lang/crates.io-index"
dependencies = [
 "lazy_static 1.0.0 (registry+https://github.com/rust-lang/crates.io-index)",
 "unreachable 1.0.0 (registry+https://github.com/rust-lang/crates.io-index)",
]

[[package]]
name = "tiny-keccak"
version = "1.4.2"
source = "registry+https://github.com/susy-rust/susy.tech-index"
dependencies = [
 "crunchy 0.1.6 (registry+https://github.com/susy-rust/susy.tech-index)",
]

[[package]]
name = "ucd-util"
version = "0.1.1"
source = "registry+https://github.com/rust-lang/crates.io-index"

[[package]]
name = "uint"
version = "0.4.1"
source = "registry+https://github.com/susy-rust/susy.tech-index"
dependencies = [
 "byteorder 1.3.1 (registry+https://github.com/susy-rust/susy.tech-index)",
 "crunchy 0.1.6 (registry+https://github.com/susy-rust/susy.tech-index)",
 "heapsize 0.4.2 (registry+https://github.com/susy-rust/susy.tech-index)",
 "rustc-hex 2.0.1 (registry+https://github.com/susy-rust/susy.tech-index)",
]

[[package]]
name = "unicode-segmentation"
version = "1.3.0"
source = "registry+https://github.com/susy-rust/susy.tech-index"

[[package]]
name = "unicode-xid"
version = "0.1.0"
source = "registry+https://github.com/rust-lang/crates.io-index"

[[package]]
name = "unicode-xid"
version = "0.1.0"
source = "registry+https://github.com/susy-rust/susy.tech-index"

[[package]]
name = "unreachable"
version = "1.0.0"
source = "registry+https://github.com/rust-lang/crates.io-index"
dependencies = [
 "void 1.0.2 (registry+https://github.com/rust-lang/crates.io-index)",
]

[[package]]
name = "utf8-ranges"
version = "1.0.0"
source = "registry+https://github.com/rust-lang/crates.io-index"

[[package]]
name = "version_check"
version = "0.1.5"
source = "registry+https://github.com/susy-rust/susy.tech-index"

[[package]]
name = "void"
version = "1.0.2"
source = "registry+https://github.com/rust-lang/crates.io-index"

[[package]]
name = "winapi"
version = "0.3.4"
source = "registry+https://github.com/rust-lang/crates.io-index"
dependencies = [
 "winapi-i686-pc-windows-gnu 0.4.0 (registry+https://github.com/rust-lang/crates.io-index)",
 "winapi-x86_64-pc-windows-gnu 0.4.0 (registry+https://github.com/rust-lang/crates.io-index)",
]

[[package]]
name = "winapi"
version = "0.3.7"
source = "registry+https://github.com/susy-rust/susy.tech-index"
dependencies = [
 "winapi-i686-pc-windows-gnu 0.4.0 (registry+https://github.com/susy-rust/susy.tech-index)",
 "winapi-x86_64-pc-windows-gnu 0.4.0 (registry+https://github.com/susy-rust/susy.tech-index)",
]

[[package]]
name = "winapi-i686-pc-windows-gnu"
version = "0.4.0"
source = "registry+https://github.com/rust-lang/crates.io-index"

[[package]]
name = "winapi-i686-pc-windows-gnu"
version = "0.4.0"
source = "registry+https://github.com/susy-rust/susy.tech-index"

[[package]]
name = "winapi-x86_64-pc-windows-gnu"
version = "0.4.0"
source = "registry+https://github.com/rust-lang/crates.io-index"

[[package]]
name = "winapi-x86_64-pc-windows-gnu"
version = "0.4.0"
source = "registry+https://github.com/susy-rust/susy.tech-index"

[metadata]
"checksum aho-corasick 0.6.4 (registry+https://github.com/rust-lang/crates.io-index)" = "d6531d44de723825aa81398a6415283229725a00fa30713812ab9323faa82fc4"
"checksum autocfg 0.1.2 (registry+https://github.com/susy-rust/susy.tech-index)" = "0ab10eb55efa4dabcf1df75e1b51a70391645b6b76f4f37322d5145e87d7a9b3"
"checksum backtrace 0.3.20 (registry+https://github.com/susy-rust/susy.tech-index)" = "ae01b9e7036734c259c847d0ad0c2a4d1f644d83ddb806f48c5729ef20a2971b"
"checksum backtrace 0.3.5 (registry+https://github.com/rust-lang/crates.io-index)" = "ebbbf59b1c43eefa8c3ede390fcc36820b4999f7914104015be25025e0d62af2"
"checksum backtrace-sys 0.1.16 (registry+https://github.com/rust-lang/crates.io-index)" = "44585761d6161b0f57afc49482ab6bd067e4edef48c12a152c237eb0203f7661"
"checksum backtrace-sys 0.1.28 (registry+https://github.com/susy-rust/susy.tech-index)" = "8aed0ae638fc412517fdd8b908e3ef128a56dbfcab9a542aea78e3a0bf9b99bb"
"checksum byteorder 1.3.1 (registry+https://github.com/susy-rust/susy.tech-index)" = "3a6067300c4ff2aa607be369153b4098f5dd77663e18008d39f7dffecf58dc9d"
"checksum cc 1.0.37 (registry+https://github.com/susy-rust/susy.tech-index)" = "f528d398f82d5cf9287254b4873905d2a6964782b79bc5fce271220a79bacddb"
"checksum cc 1.0.9 (registry+https://github.com/rust-lang/crates.io-index)" = "2b4911e4bdcb4100c7680e7e854ff38e23f1b34d4d9e079efae3da2801341ffc"
"checksum cfg-if 0.1.2 (registry+https://github.com/rust-lang/crates.io-index)" = "d4c819a1287eb618df47cc647173c5c4c66ba19d888a6e50d605672aed3140de"
"checksum cfg-if 0.1.9 (registry+https://github.com/susy-rust/susy.tech-index)" = "ab7cfe8a59cd45aa8923522d270cea94fc7e25a5bb3968d842e8573a5a7131e7"
"checksum crunchy 0.1.6 (registry+https://github.com/susy-rust/susy.tech-index)" = "fe91447267a2a4804b4e8a37e1fe2d2115aeb0493f0d56b0ee43ac7075a63131"
"checksum docopt 0.8.3 (registry+https://github.com/rust-lang/crates.io-index)" = "d8acd393692c503b168471874953a2531df0e9ab77d0b6bbc582395743300a4a"
"checksum error-chain 0.12.0 (registry+https://github.com/rust-lang/crates.io-index)" = "07e791d3be96241c77c43846b665ef1384606da2cd2a48730abe606a12906e02"
"checksum error-chain 0.12.1 (registry+https://github.com/susy-rust/susy.tech-index)" = "678460e40ad929dc92a4fb2f080e10efcc42fc2e83ed61829952c37a214b6897"
"checksum fixed-hash 0.2.5 (registry+https://github.com/susy-rust/susy.tech-index)" = "18131bdc671edca284a7ab15711c3bd9ac3060e7afa9e2ada527d6a23799c816"
"checksum fuchsia-cprng 0.1.1 (registry+https://github.com/susy-rust/susy.tech-index)" = "1adba42f408bf786f29603c4c9ed3ac3880aa71e94aea0712ef8f7d5d2784d0d"
"checksum heapsize 0.4.2 (registry+https://github.com/susy-rust/susy.tech-index)" = "d56144662608132d77fe1b2c0fc20455f0e9fce622722a9fc8426f287858bfc6"
"checksum heck 0.3.0 (registry+https://github.com/susy-rust/susy.tech-index)" = "86caca88fd5a174687f01d197e4ce4ccf953f192e4485cabcf72e909d9aaa6ae"
"checksum hex-literal 0.1.1 (registry+https://github.com/rust-lang/crates.io-index)" = "4da5f0e01bd8a71a224a4eedecaacfcabda388dbb7a80faf04d3514287572d95"
"checksum hex-literal-impl 0.1.1 (registry+https://github.com/rust-lang/crates.io-index)" = "1d340b6514f232f6db1bd16db65302a5278a04fef9ce867cb932e7e5fa21130a"
"checksum itoa 0.4.4 (registry+https://github.com/susy-rust/susy.tech-index)" = "575aa616ec7c715527b8479af3de868db365315a6050557c8623c06b00a0c5fe"
"checksum lazy_static 1.0.0 (registry+https://github.com/rust-lang/crates.io-index)" = "c8f31047daa365f19be14b47c29df4f7c3b581832407daabe6ae77397619237d"
"checksum libc 0.2.40 (registry+https://github.com/rust-lang/crates.io-index)" = "6fd41f331ac7c5b8ac259b8bf82c75c0fb2e469bbf37d2becbba9a6a2221965b"
"checksum libc 0.2.55 (registry+https://github.com/susy-rust/susy.tech-index)" = "46f5ee000bf991a9374eb111ed1089725458922082be5b28f18d5dbad555febd"
"checksum memchr 2.0.1 (registry+https://github.com/rust-lang/crates.io-index)" = "796fba70e76612589ed2ce7f45282f5af869e0fdd7cc6199fa1aa1f1d591ba9d"
"checksum proc-macro-hack 0.4.0 (registry+https://github.com/rust-lang/crates.io-index)" = "3ba8d4f9257b85eb6cdf13f055cea3190520aab1409ca2ab43493ea4820c25f0"
"checksum proc-macro-hack-impl 0.4.0 (registry+https://github.com/rust-lang/crates.io-index)" = "d5cb6f960ad471404618e9817c0e5d10b1ae74cfdf01fab89ea0641fe7fb2892"
"checksum proc-macro2 0.4.19 (registry+https://github.com/rust-lang/crates.io-index)" = "ffe022fb8c8bd254524b0b3305906c1921fa37a84a644e29079a9e62200c3901"
"checksum proc-macro2 0.4.30 (registry+https://github.com/susy-rust/susy.tech-index)" = "de0305695a46450b98a82609f88861c65e66ad9136b0ec9e1e65348444275174"
"checksum quote 0.6.12 (registry+https://github.com/susy-rust/susy.tech-index)" = "d5c9cd9cfae2d3d7a48092181c03a7f1001409e0ce58b91983a949526778d6f5"
"checksum quote 0.6.8 (registry+https://github.com/rust-lang/crates.io-index)" = "dd636425967c33af890042c483632d33fa7a18f19ad1d7ea72e8998c6ef8dea5"
"checksum rand 0.4.6 (registry+https://github.com/susy-rust/susy.tech-index)" = "52a8da2066797e64973f556ef05d355bc089054a882f343195b58d908c6a8a18"
"checksum rand_core 0.3.1 (registry+https://github.com/susy-rust/susy.tech-index)" = "67de5f920a2a1612a3424344f6f1144193ff6c659c6a2a05d221427aeaf242d0"
"checksum rand_core 0.4.0 (registry+https://github.com/susy-rust/susy.tech-index)" = "a79be2152e8c837b99ff2033ab68e01e2cea2bbdb93983a4d80288506033d9f1"
"checksum rdrand 0.4.0 (registry+https://github.com/susy-rust/susy.tech-index)" = "3dfac8637eb63830443477f33732efaf4e1d60f470e1877d1e0000e55fbae577"
"checksum regex 0.2.10 (registry+https://github.com/rust-lang/crates.io-index)" = "aec3f58d903a7d2a9dc2bf0e41a746f4530e0cab6b615494e058f67a3ef947fb"
"checksum regex-syntax 0.5.3 (registry+https://github.com/rust-lang/crates.io-index)" = "b2550876c31dc914696a6c2e01cbce8afba79a93c8ae979d2fe051c0230b3756"
"checksum rustc-demangle 0.1.14 (registry+https://github.com/susy-rust/susy.tech-index)" = "434dc06c2a85178924c042eedc58a47c0cd14c285a14d97ffdb828aa4c630fee"
"checksum rustc-demangle 0.1.7 (registry+https://github.com/rust-lang/crates.io-index)" = "11fb43a206a04116ffd7cfcf9bcb941f8eb6cc7ff667272246b0a1c74259a3cb"
"checksum rustc-hex 1.0.0 (registry+https://github.com/rust-lang/crates.io-index)" = "0ceb8ce7a5e520de349e1fa172baeba4a9e8d5ef06c47471863530bc4972ee1e"
"checksum rustc-hex 2.0.1 (registry+https://github.com/rust-lang/crates.io-index)" = "403bb3a286107a04825a5f82e1270acc1e14028d3d554d7a1e08914549575ab8"
"checksum rustc-hex 2.0.1 (registry+https://github.com/susy-rust/susy.tech-index)" = "4355f4f8699eef5b39e386b86b6e0d53ade2cc68f9898c156701eeeca9235d41"
"checksum ryu 0.2.8 (registry+https://github.com/susy-rust/susy.tech-index)" = "2878f62a68f4b326d865ce3eb71310d96e681a13fb0e715aa7773397e4643d17"
"checksum serde 1.0.78 (registry+https://github.com/rust-lang/crates.io-index)" = "92ec94e2754699adddbbc4f555791bd3acc2a2f5574cba16c93a4a9cf4a04415"
"checksum serde 1.0.91 (registry+https://github.com/susy-rust/susy.tech-index)" = "9847561f80417a8ba6b651366c737eb2a5b48afadb5df92a55c1af037ca8fa6a"
"checksum serde_derive 1.0.78 (registry+https://github.com/rust-lang/crates.io-index)" = "0fb622d85245add5327d4f08b2d24fd51fa5d35fe1bba19ee79a1f211e9ac0ff"
"checksum serde_derive 1.0.91 (registry+https://github.com/susy-rust/susy.tech-index)" = "64bf3bd86295bfb6e9d1d19d1675acc01c87eb75221b13fabddee579a6b6c070"
"checksum serde_json 1.0.39 (registry+https://github.com/susy-rust/susy.tech-index)" = "c3728abbb0d987646ed942787be8c425520307cf1fb15b12763ea4a09a1c6fba"
"checksum sofabi 6.1.0 (registry+https://github.com/susy-rust/susy.tech-index)" = "9653c159b3fd185a7d1dbcd8b54dd66a7cba55a3dc649b4ea2eb9b9e080426ff"
"checksum sofbloom 0.5.3 (registry+https://github.com/susy-rust/susy.tech-index)" = "ef297dfb831737ad1a4d4d18c72476f311012db9b955586c1ea66d8f30dc50a8"
"checksum sophon-types 0.4.2 (registry+https://github.com/susy-rust/susy.tech-index)" = "a2cb5d94ee9d346f0268d90af7aef0beb1d1194af52ee1d9fb0c48b5730d6fb7"
"checksum sophon-types-serialize 0.2.2 (registry+https://github.com/susy-rust/susy.tech-index)" = "acc429e04f710f0c6cddfb3b066fc57bee3965acb248a1f0e1f1fcd8b4629020"
"checksum strsim 0.6.0 (registry+https://github.com/rust-lang/crates.io-index)" = "b4d15c810519a91cf877e7e36e63fe068815c678181439f2f29e2562147c3694"
"checksum syn 0.15.34 (registry+https://github.com/susy-rust/susy.tech-index)" = "31cb23cfc86a57047219324ec029f014ad811237484a148c8a65adddc232d765"
"checksum syn 0.15.4 (registry+https://github.com/rust-lang/crates.io-index)" = "9056ebe7f2d6a38bc63171816fd1d3430da5a43896de21676dc5c0a4b8274a11"
"checksum thread_local 0.3.5 (registry+https://github.com/rust-lang/crates.io-index)" = "279ef31c19ededf577bfd12dfae728040a21f635b06a24cd670ff510edd38963"
"checksum tiny-keccak 1.4.2 (registry+https://github.com/susy-rust/susy.tech-index)" = "da2cdb321bee08b542f9f263dbb9f1a0ad39f06f4651d155f37886e3cd064524"
"checksum ucd-util 0.1.1 (registry+https://github.com/rust-lang/crates.io-index)" = "fd2be2d6639d0f8fe6cdda291ad456e23629558d466e2789d2c3e9892bda285d"
"checksum uint 0.4.1 (registry+https://github.com/susy-rust/susy.tech-index)" = "b733034f1e6862d6a1a792ed4ee6e806fe15dabc9e059551124f872735cb58aa"
"checksum unicode-segmentation 1.3.0 (registry+https://github.com/susy-rust/susy.tech-index)" = "eeee1791899d3623f556a302091bd4c8b6c5ffbeea6e620756e0ceef6f64d1ec"
"checksum unicode-xid 0.1.0 (registry+https://github.com/rust-lang/crates.io-index)" = "fc72304796d0818e357ead4e000d19c9c174ab23dc11093ac919054d20a6a7fc"
"checksum unicode-xid 0.1.0 (registry+https://github.com/susy-rust/susy.tech-index)" = "ba083d340e495fd71972ef4d46456e1946223c8f8bb392b80be8ac1ebd49a3ae"
"checksum unreachable 1.0.0 (registry+https://github.com/rust-lang/crates.io-index)" = "382810877fe448991dfc7f0dd6e3ae5d58088fd0ea5e35189655f84e6814fa56"
"checksum utf8-ranges 1.0.0 (registry+https://github.com/rust-lang/crates.io-index)" = "662fab6525a98beff2921d7f61a39e7d59e0b425ebc7d0d9e66d316e55124122"
"checksum version_check 0.1.5 (registry+https://github.com/susy-rust/susy.tech-index)" = "fcdfdea41032327a031aabd0f66de00d2db87a59063a130d7cf430dbd69c5164"
"checksum void 1.0.2 (registry+https://github.com/rust-lang/crates.io-index)" = "6a02e4885ed3bc0f2de90ea6dd45ebcbb66dacffe03547fadbb0eeae2770887d"
"checksum winapi 0.3.4 (registry+https://github.com/rust-lang/crates.io-index)" = "04e3bd221fcbe8a271359c04f21a76db7d0c6028862d1bb5512d85e1e2eb5bb3"
"checksum winapi 0.3.7 (registry+https://github.com/susy-rust/susy.tech-index)" = "7f4b065c61b684c4382f983a9add37075180c1fd567beff5ec5b79a79d4154b8"
"checksum winapi-i686-pc-windows-gnu 0.4.0 (registry+https://github.com/rust-lang/crates.io-index)" = "ac3b87c63620426dd9b991e5ce0329eff545bccbbb34f3be09ff6fb6ab51b7b6"
"checksum winapi-i686-pc-windows-gnu 0.4.0 (registry+https://github.com/susy-rust/susy.tech-index)" = "7c347f3fea32bd3142b64668b5cb5640dface9965ceb9a8bc18b4c542f7c2fe8"
"checksum winapi-x86_64-pc-windows-gnu 0.4.0 (registry+https://github.com/rust-lang/crates.io-index)" = "712e227841d057c1ee1cd2fb22fa7e5a5461ae8e48fa2ca79ec42cfc1931183f"
"checksum winapi-x86_64-pc-windows-gnu 0.4.0 (registry+https://github.com/susy-rust/susy.tech-index)" = "83621444022d9ac59819051a535efd7d048f4980080f547f0d688531d52de54e"
